
Microsoft Visual Studio Solution File, Format Version 12.00
# Visual Studio Version 17
VisualStudioVersion = 17.10.34916.146
MinimumVisualStudioVersion = 10.0.40219.1
Project("{2150E333-8FDC-42A3-9474-1A3956D46DE8}") = "Unit1", "Unit1", "{51A01E51-4099-4826-8019-0B24B8B0EF83}"
EndProject
Project("{9A19103F-16F7-4668-BE54-9A1E7A4F7556}") = "M15U01Ex001", "M15U01Ex001\M15U01Ex001.csproj", "{91513E95-1EA0-40FA-801B-DDF657537176}"
EndProject
Project("{9A19103F-16F7-4668-BE54-9A1E7A4F7556}") = "M15U01Ex002", "M15U01Ex002\M15U01Ex002.csproj", "{7D522595-7169-4685-B7B4-ECEA1EC9A080}"
EndProject
Project("{9A19103F-16F7-4668-BE54-9A1E7A4F7556}") = "M15U01Ex003", "M15U01Ex003\M15U01Ex003.csproj", "{032236D9-5349-4E31-B57B-91392D21FEBA}"
EndProject
Project("{9A19103F-16F7-4668-BE54-9A1E7A4F7556}") = "M15U01Ex04", "M15U01Ex04\M15U01Ex04.csproj", "{0FF0FD74-C49D-49C6-9985-FFE248967FF0}"
EndProject
Project("{9A19103F-16F7-4668-BE54-9A1E7A4F7556}") = "M15U01Ex05", "M15U01Ex05\M15U01Ex05.csproj", "{040AD3F3-2D66-4D5F-BDB1-C627C0A84995}"
EndProject
Project("{9A19103F-16F7-4668-BE54-9A1E7A4F7556}") = "M15U01Ex06", "M15U01Ex06\M15U01Ex06.csproj", "{B1CEE07F-8F91-4E11-83D2-75AEAB55B550}"
EndProject
Project("{2150E333-8FDC-42A3-9474-1A3956D46DE8}") = "Unit2", "Unit2", "{6AD80D22-437A-4C4F-8333-8145CDAB051B}"
EndProject
Project("{FAE04EC0-301F-11D3-BF4B-00C04F79EFBC}") = "M15U02Ex001", "M15U02Ex001\M15U02Ex001.csproj", "{80FFDB98-124C-4B82-BEA2-3BA2FCF68BC7}"
EndProject
Project("{FAE04EC0-301F-11D3-BF4B-00C04F79EFBC}") = "M15U02Ex01", "M15U02Ex01\M15U02Ex01.csproj", "{9C70A09A-9563-4FA4-8927-3923F82494B0}"
EndProject
Project("{FAE04EC0-301F-11D3-BF4B-00C04F79EFBC}") = "M15U02Ex002", "M15U02Ex002\M15U02Ex002.csproj", "{56C122E3-830D-496B-8C2C-EDB3EE64F772}"
EndProject
Project("{FAE04EC0-301F-11D3-BF4B-00C04F79EFBC}") = "M15U02Ex02", "M15U02Ex02\M15U02Ex02.csproj", "{686E3CB2-F70D-4538-85E9-F8AE24EA32C8}"
EndProject
Project("{FAE04EC0-301F-11D3-BF4B-00C04F79EFBC}") = "M15U02Ex003", "M15U02Ex003\M15U02Ex003.csproj", "{C800D9BA-0D6B-4BCD-889E-3CD8969F6A65}"
EndProject
Project("{FAE04EC0-301F-11D3-BF4B-00C04F79EFBC}") = "M15U02Ex004", "M15U02Ex004\M15U02Ex004.csproj", "{CC89C65F-0F8C-405A-B3EE-1166C07CDB74}"
EndProject
Project("{FAE04EC0-301F-11D3-BF4B-00C04F79EFBC}") = "M15U02Ex03", "M15U02Ex03\M15U02Ex03.csproj", "{B04CA527-AB2F-4D72-9FBE-0E37B19E85E8}"
EndProject
Project("{FAE04EC0-301F-11D3-BF4B-00C04F79EFBC}") = "M15U02Ex005", "M15U02Ex005\M15U02Ex005.csproj", "{F1F793AA-B3B5-4F38-A3E4-941EF664FDC3}"
EndProject
Global
	GlobalSection(SolutionConfigurationPlatforms) = preSolution
		Debug|Any CPU = Debug|Any CPU
		Release|Any CPU = Release|Any CPU
	EndGlobalSection
	GlobalSection(ProjectConfigurationPlatforms) = postSolution
		{91513E95-1EA0-40FA-801B-DDF657537176}.Debug|Any CPU.ActiveCfg = Debug|Any CPU
		{91513E95-1EA0-40FA-801B-DDF657537176}.Debug|Any CPU.Build.0 = Debug|Any CPU
		{91513E95-1EA0-40FA-801B-DDF657537176}.Release|Any CPU.ActiveCfg = Release|Any CPU
		{91513E95-1EA0-40FA-801B-DDF657537176}.Release|Any CPU.Build.0 = Release|Any CPU
		{7D522595-7169-4685-B7B4-ECEA1EC9A080}.Debug|Any CPU.ActiveCfg = Debug|Any CPU
		{7D522595-7169-4685-B7B4-ECEA1EC9A080}.Debug|Any CPU.Build.0 = Debug|Any CPU
		{7D522595-7169-4685-B7B4-ECEA1EC9A080}.Release|Any CPU.ActiveCfg = Release|Any CPU
		{7D522595-7169-4685-B7B4-ECEA1EC9A080}.Release|Any CPU.Build.0 = Release|Any CPU
		{032236D9-5349-4E31-B57B-91392D21FEBA}.Debug|Any CPU.ActiveCfg = Debug|Any CPU
		{032236D9-5349-4E31-B57B-91392D21FEBA}.Debug|Any CPU.Build.0 = Debug|Any CPU
		{032236D9-5349-4E31-B57B-91392D21FEBA}.Release|Any CPU.ActiveCfg = Release|Any CPU
		{032236D9-5349-4E31-B57B-91392D21FEBA}.Release|Any CPU.Build.0 = Release|Any CPU
		{0FF0FD74-C49D-49C6-9985-FFE248967FF0}.Debug|Any CPU.ActiveCfg = Debug|Any CPU
		{0FF0FD74-C49D-49C6-9985-FFE248967FF0}.Debug|Any CPU.Build.0 = Debug|Any CPU
		{0FF0FD74-C49D-49C6-9985-FFE248967FF0}.Release|Any CPU.ActiveCfg = Release|Any CPU
		{0FF0FD74-C49D-49C6-9985-FFE248967FF0}.Release|Any CPU.Build.0 = Release|Any CPU
		{040AD3F3-2D66-4D5F-BDB1-C627C0A84995}.Debug|Any CPU.ActiveCfg = Debug|Any CPU
		{040AD3F3-2D66-4D5F-BDB1-C627C0A84995}.Debug|Any CPU.Build.0 = Debug|Any CPU
		{040AD3F3-2D66-4D5F-BDB1-C627C0A84995}.Release|Any CPU.ActiveCfg = Release|Any CPU
		{040AD3F3-2D66-4D5F-BDB1-C627C0A84995}.Release|Any CPU.Build.0 = Release|Any CPU
		{B1CEE07F-8F91-4E11-83D2-75AEAB55B550}.Debug|Any CPU.ActiveCfg = Debug|Any CPU
		{B1CEE07F-8F91-4E11-83D2-75AEAB55B550}.Debug|Any CPU.Build.0 = Debug|Any CPU
		{B1CEE07F-8F91-4E11-83D2-75AEAB55B550}.Release|Any CPU.ActiveCfg = Release|Any CPU
		{B1CEE07F-8F91-4E11-83D2-75AEAB55B550}.Release|Any CPU.Build.0 = Release|Any CPU
		{80FFDB98-124C-4B82-BEA2-3BA2FCF68BC7}.Debug|Any CPU.ActiveCfg = Debug|Any CPU
		{80FFDB98-124C-4B82-BEA2-3BA2FCF68BC7}.Debug|Any CPU.Build.0 = Debug|Any CPU
		{80FFDB98-124C-4B82-BEA2-3BA2FCF68BC7}.Release|Any CPU.ActiveCfg = Release|Any CPU
		{80FFDB98-124C-4B82-BEA2-3BA2FCF68BC7}.Release|Any CPU.Build.0 = Release|Any CPU
		{9C70A09A-9563-4FA4-8927-3923F82494B0}.Debug|Any CPU.ActiveCfg = Debug|Any CPU
		{9C70A09A-9563-4FA4-8927-3923F82494B0}.Debug|Any CPU.Build.0 = Debug|Any CPU
		{9C70A09A-9563-4FA4-8927-3923F82494B0}.Release|Any CPU.ActiveCfg = Release|Any CPU
		{9C70A09A-9563-4FA4-8927-3923F82494B0}.Release|Any CPU.Build.0 = Release|Any CPU
		{56C122E3-830D-496B-8C2C-EDB3EE64F772}.Debug|Any CPU.ActiveCfg = Debug|Any CPU
		{56C122E3-830D-496B-8C2C-EDB3EE64F772}.Debug|Any CPU.Build.0 = Debug|Any CPU
		{56C122E3-830D-496B-8C2C-EDB3EE64F772}.Release|Any CPU.ActiveCfg = Release|Any CPU
		{56C122E3-830D-496B-8C2C-EDB3EE64F772}.Release|Any CPU.Build.0 = Release|Any CPU
		{686E3CB2-F70D-4538-85E9-F8AE24EA32C8}.Debug|Any CPU.ActiveCfg = Debug|Any CPU
		{686E3CB2-F70D-4538-85E9-F8AE24EA32C8}.Debug|Any CPU.Build.0 = Debug|Any CPU
		{686E3CB2-F70D-4538-85E9-F8AE24EA32C8}.Release|Any CPU.ActiveCfg = Release|Any CPU
		{686E3CB2-F70D-4538-85E9-F8AE24EA32C8}.Release|Any CPU.Build.0 = Release|Any CPU
		{C800D9BA-0D6B-4BCD-889E-3CD8969F6A65}.Debug|Any CPU.ActiveCfg = Debug|Any CPU
		{C800D9BA-0D6B-4BCD-889E-3CD8969F6A65}.Debug|Any CPU.Build.0 = Debug|Any CPU
		{C800D9BA-0D6B-4BCD-889E-3CD8969F6A65}.Release|Any CPU.ActiveCfg = Release|Any CPU
		{C800D9BA-0D6B-4BCD-889E-3CD8969F6A65}.Release|Any CPU.Build.0 = Release|Any CPU
		{CC89C65F-0F8C-405A-B3EE-1166C07CDB74}.Debug|Any CPU.ActiveCfg = Debug|Any CPU
		{CC89C65F-0F8C-405A-B3EE-1166C07CDB74}.Debug|Any CPU.Build.0 = Debug|Any CPU
		{CC89C65F-0F8C-405A-B3EE-1166C07CDB74}.Release|Any CPU.ActiveCfg = Release|Any CPU
		{CC89C65F-0F8C-405A-B3EE-1166C07CDB74}.Release|Any CPU.Build.0 = Release|Any CPU
		{B04CA527-AB2F-4D72-9FBE-0E37B19E85E8}.Debug|Any CPU.ActiveCfg = Debug|Any CPU
		{B04CA527-AB2F-4D72-9FBE-0E37B19E85E8}.Debug|Any CPU.Build.0 = Debug|Any CPU
		{B04CA527-AB2F-4D72-9FBE-0E37B19E85E8}.Release|Any CPU.ActiveCfg = Release|Any CPU
		{B04CA527-AB2F-4D72-9FBE-0E37B19E85E8}.Release|Any CPU.Build.0 = Release|Any CPU
		{F1F793AA-B3B5-4F38-A3E4-941EF664FDC3}.Debug|Any CPU.ActiveCfg = Debug|Any CPU
		{F1F793AA-B3B5-4F38-A3E4-941EF664FDC3}.Debug|Any CPU.Build.0 = Debug|Any CPU
		{F1F793AA-B3B5-4F38-A3E4-941EF664FDC3}.Release|Any CPU.ActiveCfg = Release|Any CPU
		{F1F793AA-B3B5-4F38-A3E4-941EF664FDC3}.Release|Any CPU.Build.0 = Release|Any CPU
	EndGlobalSection
	GlobalSection(SolutionProperties) = preSolution
		HideSolutionNode = FALSE
	EndGlobalSection
	GlobalSection(NestedProjects) = preSolution
		{91513E95-1EA0-40FA-801B-DDF657537176} = {51A01E51-4099-4826-8019-0B24B8B0EF83}
		{7D522595-7169-4685-B7B4-ECEA1EC9A080} = {51A01E51-4099-4826-8019-0B24B8B0EF83}
		{032236D9-5349-4E31-B57B-91392D21FEBA} = {51A01E51-4099-4826-8019-0B24B8B0EF83}
		{0FF0FD74-C49D-49C6-9985-FFE248967FF0} = {51A01E51-4099-4826-8019-0B24B8B0EF83}
		{040AD3F3-2D66-4D5F-BDB1-C627C0A84995} = {51A01E51-4099-4826-8019-0B24B8B0EF83}
		{B1CEE07F-8F91-4E11-83D2-75AEAB55B550} = {51A01E51-4099-4826-8019-0B24B8B0EF83}
		{80FFDB98-124C-4B82-BEA2-3BA2FCF68BC7} = {6AD80D22-437A-4C4F-8333-8145CDAB051B}
		{9C70A09A-9563-4FA4-8927-3923F82494B0} = {6AD80D22-437A-4C4F-8333-8145CDAB051B}
		{56C122E3-830D-496B-8C2C-EDB3EE64F772} = {6AD80D22-437A-4C4F-8333-8145CDAB051B}
		{686E3CB2-F70D-4538-85E9-F8AE24EA32C8} = {6AD80D22-437A-4C4F-8333-8145CDAB051B}
		{C800D9BA-0D6B-4BCD-889E-3CD8969F6A65} = {6AD80D22-437A-4C4F-8333-8145CDAB051B}
		{CC89C65F-0F8C-405A-B3EE-1166C07CDB74} = {6AD80D22-437A-4C4F-8333-8145CDAB051B}
		{B04CA527-AB2F-4D72-9FBE-0E37B19E85E8} = {6AD80D22-437A-4C4F-8333-8145CDAB051B}
		{F1F793AA-B3B5-4F38-A3E4-941EF664FDC3} = {6AD80D22-437A-4C4F-8333-8145CDAB051B}
	EndGlobalSection
	GlobalSection(ExtensibilityGlobals) = postSolution
		SolutionGuid = {1FF36AE8-BD1D-428D-AFDE-EADA6E49FD1C}
	EndGlobalSection
EndGlobal
